// !$*UTF8*$!
{
	archiveVersion = 1;
	classes = {
	};
	objectVersion = 50;
	objects = {

/* Begin PBXBuildFile section */
		0E2E8C3D240B862A001EE44D /* GAIAFramework.framework in Frameworks */ = {isa = PBXBuildFile; fileRef = 0E2E8C33240B862A001EE44D /* GAIAFramework.framework */; };
		0E2E8C42240B862B001EE44D /* GAIAFrameworkTests.m in Sources */ = {isa = PBXBuildFile; fileRef = 0E2E8C41240B862A001EE44D /* GAIAFrameworkTests.m */; };
		0E2E8C44240B862B001EE44D /* GAIAFramework.h in Headers */ = {isa = PBXBuildFile; fileRef = 0E2E8C36240B862A001EE44D /* GAIAFramework.h */; settings = {ATTRIBUTES = (Public, ); }; };
/* End PBXBuildFile section */

/* Begin PBXContainerItemProxy section */
		0E2E8C3E240B862A001EE44D /* PBXContainerItemProxy */ = {
			isa = PBXContainerItemProxy;
			containerPortal = 0E2E8C2A240B862A001EE44D /* Project object */;
			proxyType = 1;
			remoteGlobalIDString = 0E2E8C32240B862A001EE44D;
			remoteInfo = GAIAFramework;
		};
/* End PBXContainerItemProxy section */

/* Begin PBXFileReference section */
		0E2E8C33240B862A001EE44D /* GAIAFramework.framework */ = {isa = PBXFileReference; explicitFileType = wrapper.framework; includeInIndex = 0; path = GAIAFramework.framework; sourceTree = BUILT_PRODUCTS_DIR; };
		0E2E8C36240B862A001EE44D /* GAIAFramework.h */ = {isa = PBXFileReference; lastKnownFileType = sourcecode.c.h; path = GAIAFramework.h; sourceTree = "<group>"; };
		0E2E8C37240B862A001EE44D /* Info.plist */ = {isa = PBXFileReference; lastKnownFileType = text.plist.xml; path = Info.plist; sourceTree = "<group>"; };
		0E2E8C3C240B862A001EE44D /* GAIAFrameworkTests.xctest */ = {isa = PBXFileReference; explicitFileType = wrapper.cfbundle; includeInIndex = 0; path = GAIAFrameworkTests.xctest; sourceTree = BUILT_PRODUCTS_DIR; };
		0E2E8C41240B862A001EE44D /* GAIAFrameworkTests.m */ = {isa = PBXFileReference; lastKnownFileType = sourcecode.c.objc; path = GAIAFrameworkTests.m; sourceTree = "<group>"; };
		0E2E8C43240B862B001EE44D /* Info.plist */ = {isa = PBXFileReference; lastKnownFileType = text.plist.xml; path = Info.plist; sourceTree = "<group>"; };
/* End PBXFileReference section */

/* Begin PBXFrameworksBuildPhase section */
		0E2E8C30240B862A001EE44D /* Frameworks */ = {
			isa = PBXFrameworksBuildPhase;
			buildActionMask = 2147483647;
			files = (
			);
			runOnlyForDeploymentPostprocessing = 0;
		};
		0E2E8C39240B862A001EE44D /* Frameworks */ = {
			isa = PBXFrameworksBuildPhase;
			buildActionMask = 2147483647;
			files = (
				0E2E8C3D240B862A001EE44D /* GAIAFramework.framework in Frameworks */,
			);
			runOnlyForDeploymentPostprocessing = 0;
		};
/* End PBXFrameworksBuildPhase section */

/* Begin PBXGroup section */
		0E2E8C29240B862A001EE44D = {
			isa = PBXGroup;
			children = (
				0E2E8C35240B862A001EE44D /* GAIAFramework */,
				0E2E8C40240B862A001EE44D /* GAIAFrameworkTests */,
				0E2E8C34240B862A001EE44D /* Products */,
			);
			sourceTree = "<group>";
		};
		0E2E8C34240B862A001EE44D /* Products */ = {
			isa = PBXGroup;
			children = (
				0E2E8C33240B862A001EE44D /* GAIAFramework.framework */,
				0E2E8C3C240B862A001EE44D /* GAIAFrameworkTests.xctest */,
			);
			name = Products;
			sourceTree = "<group>";
		};
		0E2E8C35240B862A001EE44D /* GAIAFramework */ = {
			isa = PBXGroup;
			children = (
				0E2E8C36240B862A001EE44D /* GAIAFramework.h */,
				0E2E8C37240B862A001EE44D /* Info.plist */,
			);
			path = GAIAFramework;
			sourceTree = "<group>";
		};
		0E2E8C40240B862A001EE44D /* GAIAFrameworkTests */ = {
			isa = PBXGroup;
			children = (
				0E2E8C41240B862A001EE44D /* GAIAFrameworkTests.m */,
				0E2E8C43240B862B001EE44D /* Info.plist */,
			);
			path = GAIAFrameworkTests;
			sourceTree = "<group>";
		};
/* End PBXGroup section */

/* Begin PBXHeadersBuildPhase section */
		0E2E8C2E240B862A001EE44D /* Headers */ = {
			isa = PBXHeadersBuildPhase;
			buildActionMask = 2147483647;
			files = (
				0E2E8C44240B862B001EE44D /* GAIAFramework.h in Headers */,
			);
			runOnlyForDeploymentPostprocessing = 0;
		};
/* End PBXHeadersBuildPhase section */

/* Begin PBXNativeTarget section */
		0E2E8C32240B862A001EE44D /* GAIAFramework */ = {
			isa = PBXNativeTarget;
			buildConfigurationList = 0E2E8C47240B862B001EE44D /* Build configuration list for PBXNativeTarget "GAIAFramework" */;
			buildPhases = (
				0E2E8C2E240B862A001EE44D /* Headers */,
				0E2E8C2F240B862A001EE44D /* Sources */,
				0E2E8C30240B862A001EE44D /* Frameworks */,
				0E2E8C31240B862A001EE44D /* Resources */,
			);
			buildRules = (
			);
			dependencies = (
			);
			name = GAIAFramework;
			productName = GAIAFramework;
			productReference = 0E2E8C33240B862A001EE44D /* GAIAFramework.framework */;
			productType = "com.apple.product-type.framework";
		};
		0E2E8C3B240B862A001EE44D /* GAIAFrameworkTests */ = {
			isa = PBXNativeTarget;
			buildConfigurationList = 0E2E8C4A240B862B001EE44D /* Build configuration list for PBXNativeTarget "GAIAFrameworkTests" */;
			buildPhases = (
				0E2E8C38240B862A001EE44D /* Sources */,
				0E2E8C39240B862A001EE44D /* Frameworks */,
				0E2E8C3A240B862A001EE44D /* Resources */,
			);
			buildRules = (
			);
			dependencies = (
				0E2E8C3F240B862A001EE44D /* PBXTargetDependency */,
			);
			name = GAIAFrameworkTests;
			productName = GAIAFrameworkTests;
			productReference = 0E2E8C3C240B862A001EE44D /* GAIAFrameworkTests.xctest */;
			productType = "com.apple.product-type.bundle.unit-test";
		};
/* End PBXNativeTarget section */

/* Begin PBXProject section */
		0E2E8C2A240B862A001EE44D /* Project object */ = {
			isa = PBXProject;
			attributes = {
				LastUpgradeCheck = 1130;
				ORGANIZATIONNAME = "UnSee Corp.";
				TargetAttributes = {
					0E2E8C32240B862A001EE44D = {
						CreatedOnToolsVersion = 11.3.1;
					};
					0E2E8C3B240B862A001EE44D = {
						CreatedOnToolsVersion = 11.3.1;
					};
				};
			};
			buildConfigurationList = 0E2E8C2D240B862A001EE44D /* Build configuration list for PBXProject "GAIAFramework" */;
			compatibilityVersion = "Xcode 9.3";
			developmentRegion = en;
			hasScannedForEncodings = 0;
			knownRegions = (
				en,
				Base,
			);
			mainGroup = 0E2E8C29240B862A001EE44D;
			productRefGroup = 0E2E8C34240B862A001EE44D /* Products */;
			projectDirPath = "";
			projectRoot = "";
			targets = (
				0E2E8C32240B862A001EE44D /* GAIAFramework */,
				0E2E8C3B240B862A001EE44D /* GAIAFrameworkTests */,
			);
		};
/* End PBXProject section */

/* Begin PBXResourcesBuildPhase section */
		0E2E8C31240B862A001EE44D /* Resources */ = {
			isa = PBXResourcesBuildPhase;
			buildActionMask = 2147483647;
			files = (
			);
			runOnlyForDeploymentPostprocessing = 0;
		};
		0E2E8C3A240B862A001EE44D /* Resources */ = {
			isa = PBXResourcesBuildPhase;
			buildActionMask = 2147483647;
			files = (
			);
			runOnlyForDeploymentPostprocessing = 0;
		};
/* End PBXResourcesBuildPhase section */

/* Begin PBXSourcesBuildPhase section */
		0E2E8C2F240B862A001EE44D /* Sources */ = {
			isa = PBXSourcesBuildPhase;
			buildActionMask = 2147483647;
			files = (
			);
			runOnlyForDeploymentPostprocessing = 0;
		};
		0E2E8C38240B862A001EE44D /* Sources */ = {
			isa = PBXSourcesBuildPhase;
			buildActionMask = 2147483647;
			files = (
				0E2E8C42240B862B001EE44D /* GAIAFrameworkTests.m in Sources */,
			);
			runOnlyForDeploymentPostprocessing = 0;
		};
/* End PBXSourcesBuildPhase section */

/* Begin PBXTargetDependency section */
		0E2E8C3F240B862A001EE44D /* PBXTargetDependency */ = {
			isa = PBXTargetDependency;
			target = 0E2E8C32240B862A001EE44D /* GAIAFramework */;
			targetProxy = 0E2E8C3E240B862A001EE44D /* PBXContainerItemProxy */;
		};
/* End PBXTargetDependency section */

/* Begin XCBuildConfiguration section */
		0E2E8C45240B862B001EE44D /* Debug */ = {
			isa = XCBuildConfiguration;
			buildSettings = {
				ALWAYS_SEARCH_USER_PATHS = NO;
				CLANG_ANALYZER_NONNULL = YES;
				CLANG_ANALYZER_NUMBER_OBJECT_CONVERSION = YES_AGGRESSIVE;
				CLANG_CXX_LANGUAGE_STANDARD = "gnu++14";
				CLANG_CXX_LIBRARY = "libc++";
				CLANG_ENABLE_MODULES = YES;
				CLANG_ENABLE_OBJC_ARC = YES;
				CLANG_ENABLE_OBJC_WEAK = YES;
				CLANG_WARN_BLOCK_CAPTURE_AUTORELEASING = YES;
				CLANG_WARN_BOOL_CONVERSION = YES;
				CLANG_WARN_COMMA = YES;
				CLANG_WARN_CONSTANT_CONVERSION = YES;
				CLANG_WARN_DEPRECATED_OBJC_IMPLEMENTATIONS = YES;
				CLANG_WARN_DIRECT_OBJC_ISA_USAGE = YES_ERROR;
				CLANG_WARN_DOCUMENTATION_COMMENTS = YES;
				CLANG_WARN_EMPTY_BODY = YES;
				CLANG_WARN_ENUM_CONVERSION = YES;
				CLANG_WARN_INFINITE_RECURSION = YES;
				CLANG_WARN_INT_CONVERSION = YES;
				CLANG_WARN_NON_LITERAL_NULL_CONVERSION = YES;
				CLANG_WARN_OBJC_IMPLICIT_RETAIN_SELF = YES;
				CLANG_WARN_OBJC_LITERAL_CONVERSION = YES;
				CLANG_WARN_OBJC_ROOT_CLASS = YES_ERROR;
				CLANG_WARN_RANGE_LOOP_ANALYSIS = YES;
				CLANG_WARN_STRICT_PROTOTYPES = YES;
				CLANG_WARN_SUSPICIOUS_MOVE = YES;
				CLANG_WARN_UNGUARDED_AVAILABILITY = YES_AGGRESSIVE;
				CLANG_WARN_UNREACHABLE_CODE = YES;
				CLANG_WARN__DUPLICATE_METHOD_MATCH = YES;
				COPY_PHASE_STRIP = NO;
				CURRENT_PROJECT_VERSION = 1;
				DEBUG_INFORMATION_FORMAT = dwarf;
				ENABLE_STRICT_OBJC_MSGSEND = YES;
				ENABLE_TESTABILITY = YES;
				GCC_C_LANGUAGE_STANDARD = gnu11;
				GCC_DYNAMIC_NO_PIC = NO;
				GCC_NO_COMMON_BLOCKS = YES;
				GCC_OPTIMIZATION_LEVEL = 0;
				GCC_PREPROCESSOR_DEFINITIONS = (
					"DEBUG=1",
					"$(inherited)",
				);
				GCC_WARN_64_TO_32_BIT_CONVERSION = YES;
				GCC_WARN_ABOUT_RETURN_TYPE = YES_ERROR;
				GCC_WARN_UNDECLARED_SELECTOR = YES;
				GCC_WARN_UNINITIALIZED_AUTOS = YES_AGGRESSIVE;
				GCC_WARN_UNUSED_FUNCTION = YES;
				GCC_WARN_UNUSED_VARIABLE = YES;
				IPHONEOS_DEPLOYMENT_TARGET = 13.2;
				MTL_ENABLE_DEBUG_INFO = INCLUDE_SOURCE;
				MTL_FAST_MATH = YES;
				ONLY_ACTIVE_ARCH = YES;
				SDKROOT = iphoneos;
				VERSIONING_SYSTEM = "apple-generic";
				VERSION_INFO_PREFIX = "";
			};
			name = Debug;
		};
		0E2E8C46240B862B001EE44D /* Release */ = {
			isa = XCBuildConfiguration;
			buildSettings = {
				ALWAYS_SEARCH_USER_PATHS = NO;
				CLANG_ANALYZER_NONNULL = YES;
				CLANG_ANALYZER_NUMBER_OBJECT_CONVERSION = YES_AGGRESSIVE;
				CLANG_CXX_LANGUAGE_STANDARD = "gnu++14";
				CLANG_CXX_LIBRARY = "libc++";
				CLANG_ENABLE_MODULES = YES;
				CLANG_ENABLE_OBJC_ARC = YES;
				CLANG_ENABLE_OBJC_WEAK = YES;
				CLANG_WARN_BLOCK_CAPTURE_AUTORELEASING = YES;
				CLANG_WARN_BOOL_CONVERSION = YES;
				CLANG_WARN_COMMA = YES;
				CLANG_WARN_CONSTANT_CONVERSION = YES;
				CLANG_WARN_DEPRECATED_OBJC_IMPLEMENTATIONS = YES;
				CLANG_WARN_DIRECT_OBJC_ISA_USAGE = YES_ERROR;
				CLANG_WARN_DOCUMENTATION_COMMENTS = YES;
				CLANG_WARN_EMPTY_BODY = YES;
				CLANG_WARN_ENUM_CONVERSION = YES;
				CLANG_WARN_INFINITE_RECURSION = YES;
				CLANG_WARN_INT_CONVERSION = YES;
				CLANG_WARN_NON_LITERAL_NULL_CONVERSION = YES;
				CLANG_WARN_OBJC_IMPLICIT_RETAIN_SELF = YES;
				CLANG_WARN_OBJC_LITERAL_CONVERSION = YES;
				CLANG_WARN_OBJC_ROOT_CLASS = YES_ERROR;
				CLANG_WARN_RANGE_LOOP_ANALYSIS = YES;
				CLANG_WARN_STRICT_PROTOTYPES = YES;
				CLANG_WARN_SUSPICIOUS_MOVE = YES;
				CLANG_WARN_UNGUARDED_AVAILABILITY = YES_AGGRESSIVE;
				CLANG_WARN_UNREACHABLE_CODE = YES;
				CLANG_WARN__DUPLICATE_METHOD_MATCH = YES;
				COPY_PHASE_STRIP = NO;
				CURRENT_PROJECT_VERSION = 1;
				DEBUG_INFORMATION_FORMAT = "dwarf-with-dsym";
				ENABLE_NS_ASSERTIONS = NO;
				ENABLE_STRICT_OBJC_MSGSEND = YES;
				GCC_C_LANGUAGE_STANDARD = gnu11;
				GCC_NO_COMMON_BLOCKS = YES;
				GCC_WARN_64_TO_32_BIT_CONVERSION = YES;
				GCC_WARN_ABOUT_RETURN_TYPE = YES_ERROR;
				GCC_WARN_UNDECLARED_SELECTOR = YES;
				GCC_WARN_UNINITIALIZED_AUTOS = YES_AGGRESSIVE;
				GCC_WARN_UNUSED_FUNCTION = YES;
				GCC_WARN_UNUSED_VARIABLE = YES;
				IPHONEOS_DEPLOYMENT_TARGET = 13.2;
				MTL_ENABLE_DEBUG_INFO = NO;
				MTL_FAST_MATH = YES;
				SDKROOT = iphoneos;
				VALIDATE_PRODUCT = YES;
				VERSIONING_SYSTEM = "apple-generic";
				VERSION_INFO_PREFIX = "";
			};
			name = Release;
		};
		0E2E8C48240B862B001EE44D /* Debug */ = {
			isa = XCBuildConfiguration;
			buildSettings = {
				CODE_SIGN_STYLE = Automatic;
				DEFINES_MODULE = YES;
				DEVELOPMENT_TEAM = 439J8TXBZ5;
				DYLIB_COMPATIBILITY_VERSION = 1;
				DYLIB_CURRENT_VERSION = 1;
				DYLIB_INSTALL_NAME_BASE = "@rpath";
				INFOPLIST_FILE = GAIAFramework/Info.plist;
				INSTALL_PATH = "$(LOCAL_LIBRARY_DIR)/Frameworks";
				LD_RUNPATH_SEARCH_PATHS = (
					"$(inherited)",
					"@executable_path/Frameworks",
					"@loader_path/Frameworks",
				);
				PRODUCT_BUNDLE_IDENTIFIER = com.unsee.ios.GAIAFramework;
				PRODUCT_NAME = "$(TARGET_NAME:c99extidentifier)";
				SKIP_INSTALL = YES;
				TARGETED_DEVICE_FAMILY = "1,2";
			};
			name = Debug;
		};
		0E2E8C49240B862B001EE44D /* Release */ = {
			isa = XCBuildConfiguration;
			buildSettings = {
				CODE_SIGN_STYLE = Automatic;
				DEFINES_MODULE = YES;
				DEVELOPMENT_TEAM = 439J8TXBZ5;
				DYLIB_COMPATIBILITY_VERSION = 1;
				DYLIB_CURRENT_VERSION = 1;
				DYLIB_INSTALL_NAME_BASE = "@rpath";
				INFOPLIST_FILE = GAIAFramework/Info.plist;
				INSTALL_PATH = "$(LOCAL_LIBRARY_DIR)/Frameworks";
				LD_RUNPATH_SEARCH_PATHS = (
					"$(inherited)",
					"@executable_path/Frameworks",
					"@loader_path/Frameworks",
				);
				PRODUCT_BUNDLE_IDENTIFIER = com.unsee.ios.GAIAFramework;
				PRODUCT_NAME = "$(TARGET_NAME:c99extidentifier)";
				SKIP_INSTALL = YES;
				TARGETED_DEVICE_FAMILY = "1,2";
			};
			name = Release;
		};
		0E2E8C4B240B862B001EE44D /* Debug */ = {
			isa = XCBuildConfiguration;
			buildSettings = {
				CODE_SIGN_STYLE = Automatic;
				DEVELOPMENT_TEAM = 439J8TXBZ5;
				INFOPLIST_FILE = GAIAFrameworkTests/Info.plist;
				LD_RUNPATH_SEARCH_PATHS = (
					"$(inherited)",
					"@executable_path/Frameworks",
					"@loader_path/Frameworks",
				);
				PRODUCT_BUNDLE_IDENTIFIER = com.unsee.ios.GAIAFrameworkTests;
				PRODUCT_NAME = "$(TARGET_NAME)";
				TARGETED_DEVICE_FAMILY = "1,2";
			};
			name = Debug;
		};
		0E2E8C4C240B862B001EE44D /* Release */ = {
			isa = XCBuildConfiguration;
			buildSettings = {
				CODE_SIGN_STYLE = Automatic;
				DEVELOPMENT_TEAM = 439J8TXBZ5;
				INFOPLIST_FILE = GAIAFrameworkTests/Info.plist;
				LD_RUNPATH_SEARCH_PATHS = (
					"$(inherited)",
					"@executable_path/Frameworks",
					"@loader_path/Frameworks",
				);
				PRODUCT_BUNDLE_IDENTIFIER = com.unsee.ios.GAIAFrameworkTests;
				PRODUCT_NAME = "$(TARGET_NAME)";
				TARGETED_DEVICE_FAMILY = "1,2";
			};
			name = Release;
		};
/* End XCBuildConfiguration section */

/* Begin XCConfigurationList section */
		0E2E8C2D240B862A001EE44D /* Build configuration list for PBXProject "GAIAFramework" */ = {
			isa = XCConfigurationList;
			buildConfigurations = (
				0E2E8C45240B862B001EE44D /* Debug */,
				0E2E8C46240B862B001EE44D /* Release */,
			);
			defaultConfigurationIsVisible = 0;
			defaultConfigurationName = Release;
		};
		0E2E8C47240B862B001EE44D /* Build configuration list for PBXNativeTarget "GAIAFramework" */ = {
			isa = XCConfigurationList;
			buildConfigurations = (
				0E2E8C48240B862B001EE44D /* Debug */,
				0E2E8C49240B862B001EE44D /* Release */,
			);
			defaultConfigurationIsVisible = 0;
			defaultConfigurationName = Release;
		};
		0E2E8C4A240B862B001EE44D /* Build configuration list for PBXNativeTarget "GAIAFrameworkTests" */ = {
			isa = XCConfigurationList;
			buildConfigurations = (
				0E2E8C4B240B862B001EE44D /* Debug */,
				0E2E8C4C240B862B001EE44D /* Release */,
			);
			defaultConfigurationIsVisible = 0;
			defaultConfigurationName = Release;
		};
/* End XCConfigurationList section */
	};
	rootObject = 0E2E8C2A240B862A001EE44D /* Project object */;
}
